
Microsoft Visual Studio Solution File, Format Version 12.00
# Visual Studio Version 17
VisualStudioVersion = 17.7.34202.233
MinimumVisualStudioVersion = 10.0.40219.1
Project("{2150E333-8FDC-42A3-9474-1A3956D46DE8}") = "Shop", "Shop", "{5F4D7953-413F-42CA-BD83-4473BC369284}"
EndProject
Project("{FAE04EC0-301F-11D3-BF4B-00C04F79EFBC}") = "Shop.Domain", "Shop\Shop.Domain\Shop.Domain.csproj", "{A7650A0D-A159-47D9-A7E5-A0E4998E2DBC}"
EndProject
Project("{FAE04EC0-301F-11D3-BF4B-00C04F79EFBC}") = "Shop.Application", "Shop\Shop.Application\Shop.Application.csproj", "{1428D833-C95A-4518-8D20-2D1229B7FB2E}"
EndProject
Project("{FAE04EC0-301F-11D3-BF4B-00C04F79EFBC}") = "Shop.Infrastructure", "Shop\Shop.Infrastructure\Shop.Infrastructure.csproj", "{C9A18BC3-340F-4E48-BCE6-8DB13CCDAE3F}"
EndProject
Project("{FAE04EC0-301F-11D3-BF4B-00C04F79EFBC}") = "Shop.Config", "Shop\Shop.Config\Shop.Config.csproj", "{16726F4A-9FBC-4EE1-821F-85C03BCE8D58}"
EndProject
Project("{FAE04EC0-301F-11D3-BF4B-00C04F79EFBC}") = "Shop.Query", "Shop\Shop.Query\Shop.Query.csproj", "{C2AD71F1-7794-4BEC-913D-A1E94FEC5B9F}"
EndProject
Project("{FAE04EC0-301F-11D3-BF4B-00C04F79EFBC}") = "Shop.Contract", "Shop\Shop.Contract\Shop.Contract.csproj", "{A410E4A8-E7CA-47EF-8D68-E582D383999E}"
EndProject
Project("{FAE04EC0-301F-11D3-BF4B-00C04F79EFBC}") = "Shop.Presentation.Facade", "Shop\Shop.Presentation\Shop.Presentation.Facade.csproj", "{918B61A7-992D-438C-B7C4-5CF73642C889}"
EndProject
Global
	GlobalSection(SolutionConfigurationPlatforms) = preSolution
		Debug|Any CPU = Debug|Any CPU
		Release|Any CPU = Release|Any CPU
	EndGlobalSection
	GlobalSection(ProjectConfigurationPlatforms) = postSolution
		{A7650A0D-A159-47D9-A7E5-A0E4998E2DBC}.Debug|Any CPU.ActiveCfg = Debug|Any CPU
		{A7650A0D-A159-47D9-A7E5-A0E4998E2DBC}.Debug|Any CPU.Build.0 = Debug|Any CPU
		{A7650A0D-A159-47D9-A7E5-A0E4998E2DBC}.Release|Any CPU.ActiveCfg = Release|Any CPU
		{A7650A0D-A159-47D9-A7E5-A0E4998E2DBC}.Release|Any CPU.Build.0 = Release|Any CPU
		{1428D833-C95A-4518-8D20-2D1229B7FB2E}.Debug|Any CPU.ActiveCfg = Debug|Any CPU
		{1428D833-C95A-4518-8D20-2D1229B7FB2E}.Debug|Any CPU.Build.0 = Debug|Any CPU
		{1428D833-C95A-4518-8D20-2D1229B7FB2E}.Release|Any CPU.ActiveCfg = Release|Any CPU
		{1428D833-C95A-4518-8D20-2D1229B7FB2E}.Release|Any CPU.Build.0 = Release|Any CPU
		{C9A18BC3-340F-4E48-BCE6-8DB13CCDAE3F}.Debug|Any CPU.ActiveCfg = Debug|Any CPU
		{C9A18BC3-340F-4E48-BCE6-8DB13CCDAE3F}.Debug|Any CPU.Build.0 = Debug|Any CPU
		{C9A18BC3-340F-4E48-BCE6-8DB13CCDAE3F}.Release|Any CPU.ActiveCfg = Release|Any CPU
		{C9A18BC3-340F-4E48-BCE6-8DB13CCDAE3F}.Release|Any CPU.Build.0 = Release|Any CPU
		{16726F4A-9FBC-4EE1-821F-85C03BCE8D58}.Debug|Any CPU.ActiveCfg = Debug|Any CPU
		{16726F4A-9FBC-4EE1-821F-85C03BCE8D58}.Debug|Any CPU.Build.0 = Debug|Any CPU
		{16726F4A-9FBC-4EE1-821F-85C03BCE8D58}.Release|Any CPU.ActiveCfg = Release|Any CPU
		{16726F4A-9FBC-4EE1-821F-85C03BCE8D58}.Release|Any CPU.Build.0 = Release|Any CPU
		{C2AD71F1-7794-4BEC-913D-A1E94FEC5B9F}.Debug|Any CPU.ActiveCfg = Debug|Any CPU
		{C2AD71F1-7794-4BEC-913D-A1E94FEC5B9F}.Debug|Any CPU.Build.0 = Debug|Any CPU
		{C2AD71F1-7794-4BEC-913D-A1E94FEC5B9F}.Release|Any CPU.ActiveCfg = Release|Any CPU
		{C2AD71F1-7794-4BEC-913D-A1E94FEC5B9F}.Release|Any CPU.Build.0 = Release|Any CPU
		{A410E4A8-E7CA-47EF-8D68-E582D383999E}.Debug|Any CPU.ActiveCfg = Debug|Any CPU
		{A410E4A8-E7CA-47EF-8D68-E582D383999E}.Debug|Any CPU.Build.0 = Debug|Any CPU
		{A410E4A8-E7CA-47EF-8D68-E582D383999E}.Release|Any CPU.ActiveCfg = Release|Any CPU
		{A410E4A8-E7CA-47EF-8D68-E582D383999E}.Release|Any CPU.Build.0 = Release|Any CPU
		{918B61A7-992D-438C-B7C4-5CF73642C889}.Debug|Any CPU.ActiveCfg = Debug|Any CPU
		{918B61A7-992D-438C-B7C4-5CF73642C889}.Debug|Any CPU.Build.0 = Debug|Any CPU
		{918B61A7-992D-438C-B7C4-5CF73642C889}.Release|Any CPU.ActiveCfg = Release|Any CPU
		{918B61A7-992D-438C-B7C4-5CF73642C889}.Release|Any CPU.Build.0 = Release|Any CPU
	EndGlobalSection
	GlobalSection(SolutionProperties) = preSolution
		HideSolutionNode = FALSE
	EndGlobalSection
	GlobalSection(NestedProjects) = preSolution
		{A7650A0D-A159-47D9-A7E5-A0E4998E2DBC} = {5F4D7953-413F-42CA-BD83-4473BC369284}
		{1428D833-C95A-4518-8D20-2D1229B7FB2E} = {5F4D7953-413F-42CA-BD83-4473BC369284}
		{C9A18BC3-340F-4E48-BCE6-8DB13CCDAE3F} = {5F4D7953-413F-42CA-BD83-4473BC369284}
		{16726F4A-9FBC-4EE1-821F-85C03BCE8D58} = {5F4D7953-413F-42CA-BD83-4473BC369284}
		{C2AD71F1-7794-4BEC-913D-A1E94FEC5B9F} = {5F4D7953-413F-42CA-BD83-4473BC369284}
		{A410E4A8-E7CA-47EF-8D68-E582D383999E} = {5F4D7953-413F-42CA-BD83-4473BC369284}
		{918B61A7-992D-438C-B7C4-5CF73642C889} = {5F4D7953-413F-42CA-BD83-4473BC369284}
	EndGlobalSection
	GlobalSection(ExtensibilityGlobals) = postSolution
		SolutionGuid = {6F6DE325-F70F-4ECC-B78E-E2E7EA3ADD21}
	EndGlobalSection
EndGlobal
